
Microsoft Visual Studio Solution File, Format Version 12.00
# Visual Studio Version 16
VisualStudioVersion = 16.0.29403.142
MinimumVisualStudioVersion = 10.0.40219.1
Project("{FAE04EC0-301F-11D3-BF4B-00C04F79EFBC}") = "ASP_kudvenkat", "ASP_kudvenkat\ASP_kudvenkat.csproj", "{EC626504-7BA8-4673-B4FE-877BBDBA5E44}"
EndProject
Global
	GlobalSection(SolutionConfigurationPlatforms) = preSolution
		Debug|Any CPU = Debug|Any CPU
		Release|Any CPU = Release|Any CPU
	EndGlobalSection
	GlobalSection(ProjectConfigurationPlatforms) = postSolution
		{EC626504-7BA8-4673-B4FE-877BBDBA5E44}.Debug|Any CPU.ActiveCfg = Debug|Any CPU
		{EC626504-7BA8-4673-B4FE-877BBDBA5E44}.Debug|Any CPU.Build.0 = Debug|Any CPU
		{EC626504-7BA8-4673-B4FE-877BBDBA5E44}.Release|Any CPU.ActiveCfg = Release|Any CPU
		{EC626504-7BA8-4673-B4FE-877BBDBA5E44}.Release|Any CPU.Build.0 = Release|Any CPU
	EndGlobalSection
	GlobalSection(SolutionProperties) = preSolution
		HideSolutionNode = FALSE
	EndGlobalSection
	GlobalSection(ExtensibilityGlobals) = postSolution
		SolutionGuid = {C1DC5034-4385-4CC0-8ADF-C5E6F0CF86A6}
	EndGlobalSection
EndGlobal
